
Microsoft Visual Studio Solution File, Format Version 12.00
# Visual Studio 15
VisualStudioVersion = 15.0.28307.1738
MinimumVisualStudioVersion = 10.0.40219.1
Project("{FAE04EC0-301F-11D3-BF4B-00C04F79EFBC}") = "GYM", "GYM\GYM.csproj", "{C7A1E777-E853-4147-8631-E0B66ED238B7}"
EndProject
Global
	GlobalSection(SolutionConfigurationPlatforms) = preSolution
		Debug|Any CPU = Debug|Any CPU
		Release|Any CPU = Release|Any CPU
	EndGlobalSection
	GlobalSection(ProjectConfigurationPlatforms) = postSolution
		{C7A1E777-E853-4147-8631-E0B66ED238B7}.Debug|Any CPU.ActiveCfg = Debug|Any CPU
		{C7A1E777-E853-4147-8631-E0B66ED238B7}.Debug|Any CPU.Build.0 = Debug|Any CPU
		{C7A1E777-E853-4147-8631-E0B66ED238B7}.Release|Any CPU.ActiveCfg = Release|Any CPU
		{C7A1E777-E853-4147-8631-E0B66ED238B7}.Release|Any CPU.Build.0 = Release|Any CPU
	EndGlobalSection
	GlobalSection(SolutionProperties) = preSolution
		HideSolutionNode = FALSE
	EndGlobalSection
	GlobalSection(ExtensibilityGlobals) = postSolution
		SolutionGuid = {15E459E3-7B95-425E-8A1E-E50DD417DF79}
	EndGlobalSection
EndGlobal
